// !$*UTF8*$!
{
	archiveVersion = 1;
	classes = {
	};
	objectVersion = 56;
	objects = {

/* Begin PBXBuildFile section */
		792721652B1E02E60073B225 /* FooterView.swift in Sources */ = {isa = PBXBuildFile; fileRef = 792721642B1E02E60073B225 /* FooterView.swift */; };
		792721682B1E0E360073B225 /* HeaderComponents.swift in Sources */ = {isa = PBXBuildFile; fileRef = 792721672B1E0E360073B225 /* HeaderComponents.swift */; };
		7927216A2B1E0F700073B225 /* GuideComponents.swift in Sources */ = {isa = PBXBuildFile; fileRef = 792721692B1E0F700073B225 /* GuideComponents.swift */; };
		7927216C2B1E44E30073B225 /* GuideView.swift in Sources */ = {isa = PBXBuildFile; fileRef = 7927216B2B1E44E30073B225 /* GuideView.swift */; };
		79C9587B2B16B45D007BA4C7 /* HoneyMoonApp.swift in Sources */ = {isa = PBXBuildFile; fileRef = 79C9587A2B16B45D007BA4C7 /* HoneyMoonApp.swift */; };
		79C9587D2B16B45D007BA4C7 /* ContentView.swift in Sources */ = {isa = PBXBuildFile; fileRef = 79C9587C2B16B45D007BA4C7 /* ContentView.swift */; };
		79C9587F2B16B461007BA4C7 /* Assets.xcassets in Resources */ = {isa = PBXBuildFile; fileRef = 79C9587E2B16B461007BA4C7 /* Assets.xcassets */; };
		79C958822B16B461007BA4C7 /* Preview Assets.xcassets in Resources */ = {isa = PBXBuildFile; fileRef = 79C958812B16B461007BA4C7 /* Preview Assets.xcassets */; };
		79C958902B1A270C007BA4C7 /* LaunchScreen.storyboard in Resources */ = {isa = PBXBuildFile; fileRef = 79C9588F2B1A270C007BA4C7 /* LaunchScreen.storyboard */; };
		79C958932B1B841E007BA4C7 /* HoneyMoonModel.swift in Sources */ = {isa = PBXBuildFile; fileRef = 79C958922B1B841E007BA4C7 /* HoneyMoonModel.swift */; };
		79C958962B1B84A8007BA4C7 /* HoneyMoonData.swift in Sources */ = {isa = PBXBuildFile; fileRef = 79C958952B1B84A7007BA4C7 /* HoneyMoonData.swift */; };
		79C958992B1B85FA007BA4C7 /* CardView.swift in Sources */ = {isa = PBXBuildFile; fileRef = 79C958982B1B85FA007BA4C7 /* CardView.swift */; };
		79C9589B2B1C0E7D007BA4C7 /* HeaderView.swift in Sources */ = {isa = PBXBuildFile; fileRef = 79C9589A2B1C0E7D007BA4C7 /* HeaderView.swift */; };
		79F6D4C82B22710D0031236E /* InfoView.swift in Sources */ = {isa = PBXBuildFile; fileRef = 79F6D4C72B22710D0031236E /* InfoView.swift */; };
		79F6D4CA2B2273C70031236E /* TitleModifier.swift in Sources */ = {isa = PBXBuildFile; fileRef = 79F6D4C92B2273C70031236E /* TitleModifier.swift */; };
		79F6D4CD2B2275F30031236E /* ButtonModifier.swift in Sources */ = {isa = PBXBuildFile; fileRef = 79F6D4CC2B2275F30031236E /* ButtonModifier.swift */; };
		79F6D4CF2B23FC450031236E /* SympolModifier.swift in Sources */ = {isa = PBXBuildFile; fileRef = 79F6D4CE2B23FC450031236E /* SympolModifier.swift */; };
		79F6D4D22B24AAFB0031236E /* CardTransition.swift in Sources */ = {isa = PBXBuildFile; fileRef = 79F6D4D12B24AAFB0031236E /* CardTransition.swift */; };
		79F6D4D52B24AFF50031236E /* PlaySound.swift in Sources */ = {isa = PBXBuildFile; fileRef = 79F6D4D42B24AFF50031236E /* PlaySound.swift */; };
		79F6D4D82B24B30B0031236E /* sound-click.mp3 in Resources */ = {isa = PBXBuildFile; fileRef = 79F6D4D62B24B30B0031236E /* sound-click.mp3 */; };
		79F6D4D92B24B30B0031236E /* sound-rise.mp3 in Resources */ = {isa = PBXBuildFile; fileRef = 79F6D4D72B24B30B0031236E /* sound-rise.mp3 */; };
/* End PBXBuildFile section */

/* Begin PBXFileReference section */
		792721642B1E02E60073B225 /* FooterView.swift */ = {isa = PBXFileReference; lastKnownFileType = sourcecode.swift; path = FooterView.swift; sourceTree = "<group>"; };
		792721672B1E0E360073B225 /* HeaderComponents.swift */ = {isa = PBXFileReference; lastKnownFileType = sourcecode.swift; path = HeaderComponents.swift; sourceTree = "<group>"; };
		792721692B1E0F700073B225 /* GuideComponents.swift */ = {isa = PBXFileReference; lastKnownFileType = sourcecode.swift; path = GuideComponents.swift; sourceTree = "<group>"; };
		7927216B2B1E44E30073B225 /* GuideView.swift */ = {isa = PBXFileReference; lastKnownFileType = sourcecode.swift; path = GuideView.swift; sourceTree = "<group>"; };
		79C958772B16B45D007BA4C7 /* HoneyMoon.app */ = {isa = PBXFileReference; explicitFileType = wrapper.application; includeInIndex = 0; path = HoneyMoon.app; sourceTree = BUILT_PRODUCTS_DIR; };
		79C9587A2B16B45D007BA4C7 /* HoneyMoonApp.swift */ = {isa = PBXFileReference; lastKnownFileType = sourcecode.swift; path = HoneyMoonApp.swift; sourceTree = "<group>"; };
		79C9587C2B16B45D007BA4C7 /* ContentView.swift */ = {isa = PBXFileReference; lastKnownFileType = sourcecode.swift; path = ContentView.swift; sourceTree = "<group>"; };
		79C9587E2B16B461007BA4C7 /* Assets.xcassets */ = {isa = PBXFileReference; lastKnownFileType = folder.assetcatalog; path = Assets.xcassets; sourceTree = "<group>"; };
		79C958812B16B461007BA4C7 /* Preview Assets.xcassets */ = {isa = PBXFileReference; lastKnownFileType = folder.assetcatalog; path = "Preview Assets.xcassets"; sourceTree = "<group>"; };
		79C9588A2B16BDEE007BA4C7 /* Info.plist */ = {isa = PBXFileReference; lastKnownFileType = text.plist; path = Info.plist; sourceTree = "<group>"; };
		79C9588F2B1A270C007BA4C7 /* LaunchScreen.storyboard */ = {isa = PBXFileReference; lastKnownFileType = file.storyboard; path = LaunchScreen.storyboard; sourceTree = "<group>"; };
		79C958922B1B841E007BA4C7 /* HoneyMoonModel.swift */ = {isa = PBXFileReference; lastKnownFileType = sourcecode.swift; path = HoneyMoonModel.swift; sourceTree = "<group>"; };
		79C958952B1B84A7007BA4C7 /* HoneyMoonData.swift */ = {isa = PBXFileReference; lastKnownFileType = sourcecode.swift; path = HoneyMoonData.swift; sourceTree = "<group>"; };
		79C958982B1B85FA007BA4C7 /* CardView.swift */ = {isa = PBXFileReference; lastKnownFileType = sourcecode.swift; path = CardView.swift; sourceTree = "<group>"; };
		79C9589A2B1C0E7D007BA4C7 /* HeaderView.swift */ = {isa = PBXFileReference; lastKnownFileType = sourcecode.swift; path = HeaderView.swift; sourceTree = "<group>"; };
		79F6D4C72B22710D0031236E /* InfoView.swift */ = {isa = PBXFileReference; lastKnownFileType = sourcecode.swift; path = InfoView.swift; sourceTree = "<group>"; };
		79F6D4C92B2273C70031236E /* TitleModifier.swift */ = {isa = PBXFileReference; lastKnownFileType = sourcecode.swift; path = TitleModifier.swift; sourceTree = "<group>"; };
		79F6D4CC2B2275F30031236E /* ButtonModifier.swift */ = {isa = PBXFileReference; lastKnownFileType = sourcecode.swift; path = ButtonModifier.swift; sourceTree = "<group>"; };
		79F6D4CE2B23FC450031236E /* SympolModifier.swift */ = {isa = PBXFileReference; lastKnownFileType = sourcecode.swift; path = SympolModifier.swift; sourceTree = "<group>"; };
		79F6D4D12B24AAFB0031236E /* CardTransition.swift */ = {isa = PBXFileReference; lastKnownFileType = sourcecode.swift; path = CardTransition.swift; sourceTree = "<group>"; };
		79F6D4D42B24AFF50031236E /* PlaySound.swift */ = {isa = PBXFileReference; lastKnownFileType = sourcecode.swift; path = PlaySound.swift; sourceTree = "<group>"; };
		79F6D4D62B24B30B0031236E /* sound-click.mp3 */ = {isa = PBXFileReference; lastKnownFileType = audio.mp3; path = "sound-click.mp3"; sourceTree = "<group>"; };
		79F6D4D72B24B30B0031236E /* sound-rise.mp3 */ = {isa = PBXFileReference; lastKnownFileType = audio.mp3; path = "sound-rise.mp3"; sourceTree = "<group>"; };
/* End PBXFileReference section */

/* Begin PBXFrameworksBuildPhase section */
		79C958742B16B45D007BA4C7 /* Frameworks */ = {
			isa = PBXFrameworksBuildPhase;
			buildActionMask = 2147483647;
			files = (
			);
			runOnlyForDeploymentPostprocessing = 0;
		};
/* End PBXFrameworksBuildPhase section */

/* Begin PBXGroup section */
		792721662B1E0E110073B225 /* Components */ = {
			isa = PBXGroup;
			children = (
				792721672B1E0E360073B225 /* HeaderComponents.swift */,
				792721692B1E0F700073B225 /* GuideComponents.swift */,
			);
			path = Components;
			sourceTree = "<group>";
		};
		79C9586E2B16B45D007BA4C7 = {
			isa = PBXGroup;
			children = (
				79C958792B16B45D007BA4C7 /* HoneyMoon */,
				79C958782B16B45D007BA4C7 /* Products */,
			);
			sourceTree = "<group>";
		};
		79C958782B16B45D007BA4C7 /* Products */ = {
			isa = PBXGroup;
			children = (
				79C958772B16B45D007BA4C7 /* HoneyMoon.app */,
			);
			name = Products;
			sourceTree = "<group>";
		};
		79C958792B16B45D007BA4C7 /* HoneyMoon */ = {
			isa = PBXGroup;
			children = (
				79F6D4D32B24AFCD0031236E /* Helper */,
				79F6D4D02B24AAD60031236E /* Extention */,
				79F6D4CB2B2274340031236E /* Modifiers */,
				792721662B1E0E110073B225 /* Components */,
				79C958942B1B8491007BA4C7 /* Data */,
				79C958912B1B8402007BA4C7 /* Model */,
				79C958972B1B85BC007BA4C7 /* view */,
				79F6D4DA2B24B3120031236E /* Sound */,
				79C9588A2B16BDEE007BA4C7 /* Info.plist */,
				79C9587A2B16B45D007BA4C7 /* HoneyMoonApp.swift */,
				79C9587E2B16B461007BA4C7 /* Assets.xcassets */,
				79C958802B16B461007BA4C7 /* Preview Content */,
				79C9588F2B1A270C007BA4C7 /* LaunchScreen.storyboard */,
			);
			path = HoneyMoon;
			sourceTree = "<group>";
		};
		79C958802B16B461007BA4C7 /* Preview Content */ = {
			isa = PBXGroup;
			children = (
				79C958812B16B461007BA4C7 /* Preview Assets.xcassets */,
			);
			path = "Preview Content";
			sourceTree = "<group>";
		};
		79C958912B1B8402007BA4C7 /* Model */ = {
			isa = PBXGroup;
			children = (
				79C958922B1B841E007BA4C7 /* HoneyMoonModel.swift */,
			);
			path = Model;
			sourceTree = "<group>";
		};
		79C958942B1B8491007BA4C7 /* Data */ = {
			isa = PBXGroup;
			children = (
				79C958952B1B84A7007BA4C7 /* HoneyMoonData.swift */,
			);
			path = Data;
			sourceTree = "<group>";
		};
		79C958972B1B85BC007BA4C7 /* view */ = {
			isa = PBXGroup;
			children = (
				79C9587C2B16B45D007BA4C7 /* ContentView.swift */,
				79C958982B1B85FA007BA4C7 /* CardView.swift */,
				79C9589A2B1C0E7D007BA4C7 /* HeaderView.swift */,
				792721642B1E02E60073B225 /* FooterView.swift */,
				7927216B2B1E44E30073B225 /* GuideView.swift */,
				79F6D4C72B22710D0031236E /* InfoView.swift */,
			);
			path = view;
			sourceTree = "<group>";
		};
		79F6D4CB2B2274340031236E /* Modifiers */ = {
			isa = PBXGroup;
			children = (
				79F6D4C92B2273C70031236E /* TitleModifier.swift */,
				79F6D4CC2B2275F30031236E /* ButtonModifier.swift */,
				79F6D4CE2B23FC450031236E /* SympolModifier.swift */,
			);
			path = Modifiers;
			sourceTree = "<group>";
		};
		79F6D4D02B24AAD60031236E /* Extention */ = {
			isa = PBXGroup;
			children = (
				79F6D4D12B24AAFB0031236E /* CardTransition.swift */,
			);
			path = Extention;
			sourceTree = "<group>";
		};
		79F6D4D32B24AFCD0031236E /* Helper */ = {
			isa = PBXGroup;
			children = (
				79F6D4D42B24AFF50031236E /* PlaySound.swift */,
			);
			path = Helper;
			sourceTree = "<group>";
		};
		79F6D4DA2B24B3120031236E /* Sound */ = {
			isa = PBXGroup;
			children = (
				79F6D4D62B24B30B0031236E /* sound-click.mp3 */,
				79F6D4D72B24B30B0031236E /* sound-rise.mp3 */,
			);
			path = Sound;
			sourceTree = "<group>";
		};
/* End PBXGroup section */

/* Begin PBXNativeTarget section */
		79C958762B16B45D007BA4C7 /* HoneyMoon */ = {
			isa = PBXNativeTarget;
			buildConfigurationList = 79C958852B16B461007BA4C7 /* Build configuration list for PBXNativeTarget "HoneyMoon" */;
			buildPhases = (
				79C958732B16B45D007BA4C7 /* Sources */,
				79C958742B16B45D007BA4C7 /* Frameworks */,
				79C958752B16B45D007BA4C7 /* Resources */,
			);
			buildRules = (
			);
			dependencies = (
			);
			name = HoneyMoon;
			productName = HoneyMoon;
			productReference = 79C958772B16B45D007BA4C7 /* HoneyMoon.app */;
			productType = "com.apple.product-type.application";
		};
/* End PBXNativeTarget section */

/* Begin PBXProject section */
		79C9586F2B16B45D007BA4C7 /* Project object */ = {
			isa = PBXProject;
			attributes = {
				BuildIndependentTargetsInParallel = 1;
				LastSwiftUpdateCheck = 1500;
				LastUpgradeCheck = 1500;
				TargetAttributes = {
					79C958762B16B45D007BA4C7 = {
						CreatedOnToolsVersion = 15.0.1;
					};
				};
			};
			buildConfigurationList = 79C958722B16B45D007BA4C7 /* Build configuration list for PBXProject "HoneyMoon" */;
			compatibilityVersion = "Xcode 14.0";
			developmentRegion = en;
			hasScannedForEncodings = 0;
			knownRegions = (
				en,
				Base,
			);
			mainGroup = 79C9586E2B16B45D007BA4C7;
			productRefGroup = 79C958782B16B45D007BA4C7 /* Products */;
			projectDirPath = "";
			projectRoot = "";
			targets = (
				79C958762B16B45D007BA4C7 /* HoneyMoon */,
			);
		};
/* End PBXProject section */

/* Begin PBXResourcesBuildPhase section */
		79C958752B16B45D007BA4C7 /* Resources */ = {
			isa = PBXResourcesBuildPhase;
			buildActionMask = 2147483647;
			files = (
				79F6D4D92B24B30B0031236E /* sound-rise.mp3 in Resources */,
				79C958902B1A270C007BA4C7 /* LaunchScreen.storyboard in Resources */,
				79F6D4D82B24B30B0031236E /* sound-click.mp3 in Resources */,
				79C958822B16B461007BA4C7 /* Preview Assets.xcassets in Resources */,
				79C9587F2B16B461007BA4C7 /* Assets.xcassets in Resources */,
			);
			runOnlyForDeploymentPostprocessing = 0;
		};
/* End PBXResourcesBuildPhase section */

/* Begin PBXSourcesBuildPhase section */
		79C958732B16B45D007BA4C7 /* Sources */ = {
			isa = PBXSourcesBuildPhase;
			buildActionMask = 2147483647;
			files = (
				792721682B1E0E360073B225 /* HeaderComponents.swift in Sources */,
				79F6D4C82B22710D0031236E /* InfoView.swift in Sources */,
				79C9587D2B16B45D007BA4C7 /* ContentView.swift in Sources */,
				79F6D4CA2B2273C70031236E /* TitleModifier.swift in Sources */,
				79F6D4D22B24AAFB0031236E /* CardTransition.swift in Sources */,
				792721652B1E02E60073B225 /* FooterView.swift in Sources */,
				79C958962B1B84A8007BA4C7 /* HoneyMoonData.swift in Sources */,
				79F6D4CD2B2275F30031236E /* ButtonModifier.swift in Sources */,
				79C9589B2B1C0E7D007BA4C7 /* HeaderView.swift in Sources */,
				79F6D4D52B24AFF50031236E /* PlaySound.swift in Sources */,
				79C958932B1B841E007BA4C7 /* HoneyMoonModel.swift in Sources */,
				79C9587B2B16B45D007BA4C7 /* HoneyMoonApp.swift in Sources */,
				79F6D4CF2B23FC450031236E /* SympolModifier.swift in Sources */,
				79C958992B1B85FA007BA4C7 /* CardView.swift in Sources */,
				7927216A2B1E0F700073B225 /* GuideComponents.swift in Sources */,
				7927216C2B1E44E30073B225 /* GuideView.swift in Sources */,
			);
			runOnlyForDeploymentPostprocessing = 0;
		};
/* End PBXSourcesBuildPhase section */

/* Begin XCBuildConfiguration section */
		79C958832B16B461007BA4C7 /* Debug */ = {
			isa = XCBuildConfiguration;
			buildSettings = {
				ALWAYS_SEARCH_USER_PATHS = NO;
				ASSETCATALOG_COMPILER_GENERATE_SWIFT_ASSET_SYMBOL_EXTENSIONS = YES;
				CLANG_ANALYZER_NONNULL = YES;
				CLANG_ANALYZER_NUMBER_OBJECT_CONVERSION = YES_AGGRESSIVE;
				CLANG_CXX_LANGUAGE_STANDARD = "gnu++20";
				CLANG_ENABLE_MODULES = YES;
				CLANG_ENABLE_OBJC_ARC = YES;
				CLANG_ENABLE_OBJC_WEAK = YES;
				CLANG_WARN_BLOCK_CAPTURE_AUTORELEASING = YES;
				CLANG_WARN_BOOL_CONVERSION = YES;
				CLANG_WARN_COMMA = YES;
				CLANG_WARN_CONSTANT_CONVERSION = YES;
				CLANG_WARN_DEPRECATED_OBJC_IMPLEMENTATIONS = YES;
				CLANG_WARN_DIRECT_OBJC_ISA_USAGE = YES_ERROR;
				CLANG_WARN_DOCUMENTATION_COMMENTS = YES;
				CLANG_WARN_EMPTY_BODY = YES;
				CLANG_WARN_ENUM_CONVERSION = YES;
				CLANG_WARN_INFINITE_RECURSION = YES;
				CLANG_WARN_INT_CONVERSION = YES;
				CLANG_WARN_NON_LITERAL_NULL_CONVERSION = YES;
				CLANG_WARN_OBJC_IMPLICIT_RETAIN_SELF = YES;
				CLANG_WARN_OBJC_LITERAL_CONVERSION = YES;
				CLANG_WARN_OBJC_ROOT_CLASS = YES_ERROR;
				CLANG_WARN_QUOTED_INCLUDE_IN_FRAMEWORK_HEADER = YES;
				CLANG_WARN_RANGE_LOOP_ANALYSIS = YES;
				CLANG_WARN_STRICT_PROTOTYPES = YES;
				CLANG_WARN_SUSPICIOUS_MOVE = YES;
				CLANG_WARN_UNGUARDED_AVAILABILITY = YES_AGGRESSIVE;
				CLANG_WARN_UNREACHABLE_CODE = YES;
				CLANG_WARN__DUPLICATE_METHOD_MATCH = YES;
				COPY_PHASE_STRIP = NO;
				DEBUG_INFORMATION_FORMAT = dwarf;
				ENABLE_STRICT_OBJC_MSGSEND = YES;
				ENABLE_TESTABILITY = YES;
				ENABLE_USER_SCRIPT_SANDBOXING = YES;
				GCC_C_LANGUAGE_STANDARD = gnu17;
				GCC_DYNAMIC_NO_PIC = NO;
				GCC_NO_COMMON_BLOCKS = YES;
				GCC_OPTIMIZATION_LEVEL = 0;
				GCC_PREPROCESSOR_DEFINITIONS = (
					"DEBUG=1",
					"$(inherited)",
				);
				GCC_WARN_64_TO_32_BIT_CONVERSION = YES;
				GCC_WARN_ABOUT_RETURN_TYPE = YES_ERROR;
				GCC_WARN_UNDECLARED_SELECTOR = YES;
				GCC_WARN_UNINITIALIZED_AUTOS = YES_AGGRESSIVE;
				GCC_WARN_UNUSED_FUNCTION = YES;
				GCC_WARN_UNUSED_VARIABLE = YES;
				IPHONEOS_DEPLOYMENT_TARGET = 17.0;
				LOCALIZATION_PREFERS_STRING_CATALOGS = YES;
				MTL_ENABLE_DEBUG_INFO = INCLUDE_SOURCE;
				MTL_FAST_MATH = YES;
				ONLY_ACTIVE_ARCH = YES;
				SDKROOT = iphoneos;
				SWIFT_ACTIVE_COMPILATION_CONDITIONS = "DEBUG $(inherited)";
				SWIFT_OPTIMIZATION_LEVEL = "-Onone";
			};
			name = Debug;
		};
		79C958842B16B461007BA4C7 /* Release */ = {
			isa = XCBuildConfiguration;
			buildSettings = {
				ALWAYS_SEARCH_USER_PATHS = NO;
				ASSETCATALOG_COMPILER_GENERATE_SWIFT_ASSET_SYMBOL_EXTENSIONS = YES;
				CLANG_ANALYZER_NONNULL = YES;
				CLANG_ANALYZER_NUMBER_OBJECT_CONVERSION = YES_AGGRESSIVE;
				CLANG_CXX_LANGUAGE_STANDARD = "gnu++20";
				CLANG_ENABLE_MODULES = YES;
				CLANG_ENABLE_OBJC_ARC = YES;
				CLANG_ENABLE_OBJC_WEAK = YES;
				CLANG_WARN_BLOCK_CAPTURE_AUTORELEASING = YES;
				CLANG_WARN_BOOL_CONVERSION = YES;
				CLANG_WARN_COMMA = YES;
				CLANG_WARN_CONSTANT_CONVERSION = YES;
				CLANG_WARN_DEPRECATED_OBJC_IMPLEMENTATIONS = YES;
				CLANG_WARN_DIRECT_OBJC_ISA_USAGE = YES_ERROR;
				CLANG_WARN_DOCUMENTATION_COMMENTS = YES;
				CLANG_WARN_EMPTY_BODY = YES;
				CLANG_WARN_ENUM_CONVERSION = YES;
				CLANG_WARN_INFINITE_RECURSION = YES;
				CLANG_WARN_INT_CONVERSION = YES;
				CLANG_WARN_NON_LITERAL_NULL_CONVERSION = YES;
				CLANG_WARN_OBJC_IMPLICIT_RETAIN_SELF = YES;
				CLANG_WARN_OBJC_LITERAL_CONVERSION = YES;
				CLANG_WARN_OBJC_ROOT_CLASS = YES_ERROR;
				CLANG_WARN_QUOTED_INCLUDE_IN_FRAMEWORK_HEADER = YES;
				CLANG_WARN_RANGE_LOOP_ANALYSIS = YES;
				CLANG_WARN_STRICT_PROTOTYPES = YES;
				CLANG_WARN_SUSPICIOUS_MOVE = YES;
				CLANG_WARN_UNGUARDED_AVAILABILITY = YES_AGGRESSIVE;
				CLANG_WARN_UNREACHABLE_CODE = YES;
				CLANG_WARN__DUPLICATE_METHOD_MATCH = YES;
				COPY_PHASE_STRIP = NO;
				DEBUG_INFORMATION_FORMAT = "dwarf-with-dsym";
				ENABLE_NS_ASSERTIONS = NO;
				ENABLE_STRICT_OBJC_MSGSEND = YES;
				ENABLE_USER_SCRIPT_SANDBOXING = YES;
				GCC_C_LANGUAGE_STANDARD = gnu17;
				GCC_NO_COMMON_BLOCKS = YES;
				GCC_WARN_64_TO_32_BIT_CONVERSION = YES;
				GCC_WARN_ABOUT_RETURN_TYPE = YES_ERROR;
				GCC_WARN_UNDECLARED_SELECTOR = YES;
				GCC_WARN_UNINITIALIZED_AUTOS = YES_AGGRESSIVE;
				GCC_WARN_UNUSED_FUNCTION = YES;
				GCC_WARN_UNUSED_VARIABLE = YES;
				IPHONEOS_DEPLOYMENT_TARGET = 17.0;
				LOCALIZATION_PREFERS_STRING_CATALOGS = YES;
				MTL_ENABLE_DEBUG_INFO = NO;
				MTL_FAST_MATH = YES;
				SDKROOT = iphoneos;
				SWIFT_COMPILATION_MODE = wholemodule;
				VALIDATE_PRODUCT = YES;
			};
			name = Release;
		};
		79C958862B16B461007BA4C7 /* Debug */ = {
			isa = XCBuildConfiguration;
			buildSettings = {
				ASSETCATALOG_COMPILER_APPICON_NAME = AppIcon;
				ASSETCATALOG_COMPILER_GLOBAL_ACCENT_COLOR_NAME = AccentColor;
				ASSETCATALOG_COMPILER_INCLUDE_ALL_APPICON_ASSETS = NO;
				CODE_SIGN_IDENTITY = "Apple Development";
				CODE_SIGN_STYLE = Automatic;
				CURRENT_PROJECT_VERSION = 1;
				DEVELOPMENT_ASSET_PATHS = "\"HoneyMoon/Preview Content\"";
				DEVELOPMENT_TEAM = 256Z2CJLC2;
				ENABLE_PREVIEWS = YES;
				GENERATE_INFOPLIST_FILE = YES;
				INFOPLIST_FILE = HoneyMoon/Info.plist;
				INFOPLIST_KEY_UIApplicationSceneManifest_Generation = YES;
				INFOPLIST_KEY_UIApplicationSupportsIndirectInputEvents = YES;
				INFOPLIST_KEY_UILaunchScreen_Generation = YES;
				INFOPLIST_KEY_UILaunchStoryboardName = LaunchScreen.storyboard;
				INFOPLIST_KEY_UISupportedInterfaceOrientations = UIInterfaceOrientationPortrait;
				INFOPLIST_KEY_UISupportedInterfaceOrientations_iPad = "UIInterfaceOrientationPortrait UIInterfaceOrientationPortraitUpsideDown";
				LD_RUNPATH_SEARCH_PATHS = (
					"$(inherited)",
					"@executable_path/Frameworks",
				);
				MARKETING_VERSION = 1.0;
				PRODUCT_BUNDLE_IDENTIFIER = com.mohamed.HoneyMoon;
				PRODUCT_NAME = "$(TARGET_NAME)";
				PROVISIONING_PROFILE_SPECIFIER = "";
				SUPPORTED_PLATFORMS = "iphoneos iphonesimulator";
				SUPPORTS_MACCATALYST = NO;
				SWIFT_EMIT_LOC_STRINGS = YES;
				SWIFT_VERSION = 5.0;
				TARGETED_DEVICE_FAMILY = "1,2";
			};
			name = Debug;
		};
		79C958872B16B461007BA4C7 /* Release */ = {
			isa = XCBuildConfiguration;
			buildSettings = {
				ASSETCATALOG_COMPILER_APPICON_NAME = AppIcon;
				ASSETCATALOG_COMPILER_GLOBAL_ACCENT_COLOR_NAME = AccentColor;
				ASSETCATALOG_COMPILER_INCLUDE_ALL_APPICON_ASSETS = NO;
				CODE_SIGN_IDENTITY = "Apple Development";
				CODE_SIGN_STYLE = Automatic;
				CURRENT_PROJECT_VERSION = 1;
				DEVELOPMENT_ASSET_PATHS = "\"HoneyMoon/Preview Content\"";
				DEVELOPMENT_TEAM = 256Z2CJLC2;
				ENABLE_PREVIEWS = YES;
				GENERATE_INFOPLIST_FILE = YES;
				INFOPLIST_FILE = HoneyMoon/Info.plist;
				INFOPLIST_KEY_UIApplicationSceneManifest_Generation = YES;
				INFOPLIST_KEY_UIApplicationSupportsIndirectInputEvents = YES;
				INFOPLIST_KEY_UILaunchScreen_Generation = YES;
				INFOPLIST_KEY_UILaunchStoryboardName = LaunchScreen.storyboard;
				INFOPLIST_KEY_UISupportedInterfaceOrientations = UIInterfaceOrientationPortrait;
				INFOPLIST_KEY_UISupportedInterfaceOrientations_iPad = "UIInterfaceOrientationPortrait UIInterfaceOrientationPortraitUpsideDown";
				LD_RUNPATH_SEARCH_PATHS = (
					"$(inherited)",
					"@executable_path/Frameworks",
				);
				MARKETING_VERSION = 1.0;
				PRODUCT_BUNDLE_IDENTIFIER = com.mohamed.HoneyMoon;
				PRODUCT_NAME = "$(TARGET_NAME)";
				PROVISIONING_PROFILE_SPECIFIER = "";
				SUPPORTED_PLATFORMS = "iphoneos iphonesimulator";
				SUPPORTS_MACCATALYST = NO;
				SWIFT_EMIT_LOC_STRINGS = YES;
				SWIFT_VERSION = 5.0;
				TARGETED_DEVICE_FAMILY = "1,2";
			};
			name = Release;
		};
/* End XCBuildConfiguration section */

/* Begin XCConfigurationList section */
		79C958722B16B45D007BA4C7 /* Build configuration list for PBXProject "HoneyMoon" */ = {
			isa = XCConfigurationList;
			buildConfigurations = (
				79C958832B16B461007BA4C7 /* Debug */,
				79C958842B16B461007BA4C7 /* Release */,
			);
			defaultConfigurationIsVisible = 0;
			defaultConfigurationName = Release;
		};
		79C958852B16B461007BA4C7 /* Build configuration list for PBXNativeTarget "HoneyMoon" */ = {
			isa = XCConfigurationList;
			buildConfigurations = (
				79C958862B16B461007BA4C7 /* Debug */,
				79C958872B16B461007BA4C7 /* Release */,
			);
			defaultConfigurationIsVisible = 0;
			defaultConfigurationName = Release;
		};
/* End XCConfigurationList section */
	};
	rootObject = 79C9586F2B16B45D007BA4C7 /* Project object */;
}
